
Microsoft Visual Studio Solution File, Format Version 12.00
# Visual Studio 2013
VisualStudioVersion = 12.0.30501.0
MinimumVisualStudioVersion = 10.0.40219.1
Project("{8BC9CEB8-8B4A-11D0-8D11-00A0C91BC942}") = "ExtendedEnginePlayground", "ExtendedEnginePlayground\ExtendedEnginePlayground.vcxproj", "{7F01F048-91B4-4ABB-9236-93EA560AA0B9}"
	ProjectSection(ProjectDependencies) = postProject
		{FCE007AE-197F-4819-8FDF-28CB57863FDF} = {FCE007AE-197F-4819-8FDF-28CB57863FDF}
		{545A88BB-7447-428B-8A73-A1E8F2BBDB33} = {545A88BB-7447-428B-8A73-A1E8F2BBDB33}
	EndProjectSection
EndProject
Project("{8BC9CEB8-8B4A-11D0-8D11-00A0C91BC942}") = "ExtendedEngine", "..\..\ExtendedEngine\ExtendedEngine\ExtendedEngine\ExtendedEngine.vcxproj", "{FCE007AE-197F-4819-8FDF-28CB57863FDF}"
	ProjectSection(ProjectDependencies) = postProject
		{545A88BB-7447-428B-8A73-A1E8F2BBDB33} = {545A88BB-7447-428B-8A73-A1E8F2BBDB33}
	EndProjectSection
EndProject
Project("{8BC9CEB8-8B4A-11D0-8D11-00A0C91BC942}") = "SpehsEngine", "..\..\SpehsEngine\SpehsEngine\SpehsEngine.vcxproj", "{545A88BB-7447-428B-8A73-A1E8F2BBDB33}"
EndProject
Global
	GlobalSection(SolutionConfigurationPlatforms) = preSolution
		Debug|Win32 = Debug|Win32
		Release|Win32 = Release|Win32
	EndGlobalSection
	GlobalSection(ProjectConfigurationPlatforms) = postSolution
		{7F01F048-91B4-4ABB-9236-93EA560AA0B9}.Debug|Win32.ActiveCfg = Debug|Win32
		{7F01F048-91B4-4ABB-9236-93EA560AA0B9}.Debug|Win32.Build.0 = Debug|Win32
		{7F01F048-91B4-4ABB-9236-93EA560AA0B9}.Release|Win32.ActiveCfg = Release|Win32
		{7F01F048-91B4-4ABB-9236-93EA560AA0B9}.Release|Win32.Build.0 = Release|Win32
		{FCE007AE-197F-4819-8FDF-28CB57863FDF}.Debug|Win32.ActiveCfg = Debug|Win32
		{FCE007AE-197F-4819-8FDF-28CB57863FDF}.Debug|Win32.Build.0 = Debug|Win32
		{FCE007AE-197F-4819-8FDF-28CB57863FDF}.Release|Win32.ActiveCfg = Release|Win32
		{FCE007AE-197F-4819-8FDF-28CB57863FDF}.Release|Win32.Build.0 = Release|Win32
		{545A88BB-7447-428B-8A73-A1E8F2BBDB33}.Debug|Win32.ActiveCfg = Debug|Win32
		{545A88BB-7447-428B-8A73-A1E8F2BBDB33}.Debug|Win32.Build.0 = Debug|Win32
		{545A88BB-7447-428B-8A73-A1E8F2BBDB33}.Release|Win32.ActiveCfg = Release|Win32
		{545A88BB-7447-428B-8A73-A1E8F2BBDB33}.Release|Win32.Build.0 = Release|Win32
	EndGlobalSection
	GlobalSection(SolutionProperties) = preSolution
		HideSolutionNode = FALSE
	EndGlobalSection
EndGlobal
